
Microsoft Visual Studio Solution File, Format Version 12.00
# Visual Studio 14
VisualStudioVersion = 14.0.24720.0
MinimumVisualStudioVersion = 10.0.40219.1
Project("{FAE04EC0-301F-11D3-BF4B-00C04F79EFBC}") = "Dijkstra", "Dijkstra\Dijkstra.csproj", "{7F1E2732-43A4-4870-ABCA-CB0787C6419A}"
EndProject
Project("{FAE04EC0-301F-11D3-BF4B-00C04F79EFBC}") = "DijkstraTest", "DijkstraTest\DijkstraTest.csproj", "{103233A4-7896-4A21-91CA-9A3220D5CBE1}"
EndProject
Project("{FAE04EC0-301F-11D3-BF4B-00C04F79EFBC}") = "DijkstraApp", "DijkstraApp\DijkstraApp.csproj", "{FE496AAB-EB9C-4505-A3A0-CDDC3317E13E}"
EndProject
Global
	GlobalSection(SolutionConfigurationPlatforms) = preSolution
		Debug|Any CPU = Debug|Any CPU
		Release|Any CPU = Release|Any CPU
	EndGlobalSection
	GlobalSection(ProjectConfigurationPlatforms) = postSolution
		{7F1E2732-43A4-4870-ABCA-CB0787C6419A}.Debug|Any CPU.ActiveCfg = Debug|Any CPU
		{7F1E2732-43A4-4870-ABCA-CB0787C6419A}.Debug|Any CPU.Build.0 = Debug|Any CPU
		{7F1E2732-43A4-4870-ABCA-CB0787C6419A}.Release|Any CPU.ActiveCfg = Release|Any CPU
		{7F1E2732-43A4-4870-ABCA-CB0787C6419A}.Release|Any CPU.Build.0 = Release|Any CPU
		{103233A4-7896-4A21-91CA-9A3220D5CBE1}.Debug|Any CPU.ActiveCfg = Debug|Any CPU
		{103233A4-7896-4A21-91CA-9A3220D5CBE1}.Debug|Any CPU.Build.0 = Debug|Any CPU
		{103233A4-7896-4A21-91CA-9A3220D5CBE1}.Release|Any CPU.ActiveCfg = Release|Any CPU
		{103233A4-7896-4A21-91CA-9A3220D5CBE1}.Release|Any CPU.Build.0 = Release|Any CPU
		{FE496AAB-EB9C-4505-A3A0-CDDC3317E13E}.Debug|Any CPU.ActiveCfg = Debug|Any CPU
		{FE496AAB-EB9C-4505-A3A0-CDDC3317E13E}.Debug|Any CPU.Build.0 = Debug|Any CPU
		{FE496AAB-EB9C-4505-A3A0-CDDC3317E13E}.Release|Any CPU.ActiveCfg = Release|Any CPU
		{FE496AAB-EB9C-4505-A3A0-CDDC3317E13E}.Release|Any CPU.Build.0 = Release|Any CPU
	EndGlobalSection
	GlobalSection(SolutionProperties) = preSolution
		HideSolutionNode = FALSE
	EndGlobalSection
EndGlobal
